{
  "version": "2",
  "remote": {
    "https://esm.sh/graphql-request@5.0.0": "ce0b37c72a91584f044c5e81f5c7e8508d7cd0ee4b4682c3ef11ae42ceb0d4a1",
    "https://esm.sh/graphql@16.6.0": "37c712c81ad7e521b7c91e5676ff67d5ae9101a826226875c6a133e41544fe6a",
    "https://esm.sh/v98/@graphql-typed-document-node/core@3.1.1/dist/index.d.ts": "86a951fd2c6d50a1420762b7b5dc536a25f7878189532731f36cadb4ed3d466b",
    "https://esm.sh/v98/cross-fetch@3.1.5/deno/cross-fetch.js": "6623ff9b8dc94523869d9a2615cf6d2f02a918b3ae1c6ece9306cac9c641b054",
    "https://esm.sh/v98/extract-files@9.0.0/deno/extract-files.js": "5f39595acfeaaeb140f5bf24868166bc88781cf222805c965000821dd6b14d74",
    "https://esm.sh/v98/form-data@3.0.1/deno/form-data.js": "97a4e8863efbe876ca276d8f69ae34f7397c205787f2f38664e18ca2d00acf73",
    "https://esm.sh/v98/graphql-request@5.0.0/deno/graphql-request.js": "72c8270633c643a995d285554adeed725df62020ca05c943e386111e264d7e04",
    "https://esm.sh/v98/graphql-request@5.0.0/dist/graphql-ws.d.ts": "86a330b4bc80c766fca1a10160db3bddaaed3a32a4428b1d7bb71408062489c8",
    "https://esm.sh/v98/graphql-request@5.0.0/dist/index.d.ts": "4268828f08e037b3741445cf41a269a9eee11eb3231e6ed1059d112ffe0513f3",
    "https://esm.sh/v98/graphql-request@5.0.0/dist/types.d.ts": "ba4bd5c37ab67b51902309f19fd119b3943a508377d2b35ac4048c6db186f01f",
    "https://esm.sh/v98/graphql-request@5.0.0/dist/types.dom.d.ts": "80b8a61568ddd70101eb8efe84c28dcd69a1a350d59967ee01726075e10b066d",
    "https://esm.sh/v98/graphql@16.6.0/deno/error/GraphQLError.js": "d420162c68d579f90ee2aadb579c4e5e5173c5af0791c0a20b73c3b5b45a75ac",
    "https://esm.sh/v98/graphql@16.6.0/deno/error/syntaxError.js": "07e85bcfee0c85254357470b8a1b2f7386121a2f5d36d2b4e9a42742142988a8",
    "https://esm.sh/v98/graphql@16.6.0/deno/jsutils/devAssert.js": "7c0879c72e2949115307e83007c83ebe92c83678935a2516d241928329a72284",
    "https://esm.sh/v98/graphql@16.6.0/deno/jsutils/inspect.js": "5c8ff3e236c9e60da48d4a24b4662d1825c232074fcdae8a5969ea11800e5459",
    "https://esm.sh/v98/graphql@16.6.0/deno/jsutils/instanceOf.js": "d825eba8d0215bb335f08ff32e7ca1fa8c9e098022b398f3aa58ea8c686aa076",
    "https://esm.sh/v98/graphql@16.6.0/deno/jsutils/invariant.js": "ef7d96f56812979c8be1b6fe071fd60c260dd48366e577ab775b2e29ab81f5af",
    "https://esm.sh/v98/graphql@16.6.0/deno/jsutils/isObjectLike.js": "5876879c86752aa0fb5ff6ac94bb103b37407fe57a619e58867867a99e49ae3d",
    "https://esm.sh/v98/graphql@16.6.0/deno/language/ast.js": "a2a1d2406d8aa3c580b5ead25c0e3895cf882ab6c72c2188f6df77434605bbb0",
    "https://esm.sh/v98/graphql@16.6.0/deno/language/blockString.js": "2195473ced562bb15c5a5206144725ce7900aac585c59b3483eb9772949e3552",
    "https://esm.sh/v98/graphql@16.6.0/deno/language/characterClasses.js": "61fb74aec9bbc6d34128dfbac2e0458bef2e169bca4cfa15115167493f3ebbc7",
    "https://esm.sh/v98/graphql@16.6.0/deno/language/directiveLocation.js": "88bfea00831ca6a10026f109983dbffed45dfa510c35f28b0afe5228974e316c",
    "https://esm.sh/v98/graphql@16.6.0/deno/language/kinds.js": "5b920cc65ecd29cc74553086d5547fdb1dd395b3f73bd6542879bb28e3b484e3",
    "https://esm.sh/v98/graphql@16.6.0/deno/language/lexer.js": "be360857ffb9900f6be35b669af69c13ba7f945b99291bc8f2a4c9b380ac6b77",
    "https://esm.sh/v98/graphql@16.6.0/deno/language/location.js": "5fa00bbc338276e2bdfb6d3ff45ac89c6e159d4c8805d839da1aa51cd8ed1fdf",
    "https://esm.sh/v98/graphql@16.6.0/deno/language/parser.js": "a98327baf8e2aea4e99777febb0559a9b1d901b21dd332acdbd7e44bb56d703b",
    "https://esm.sh/v98/graphql@16.6.0/deno/language/printLocation.js": "ccfc70c1b16a4aab78f45b6e98b1ff0a86374f6afc7c738504981db38dcdeaf4",
    "https://esm.sh/v98/graphql@16.6.0/deno/language/printString.js": "b8d55e66fc113e4d0dfed10dcdfe01dd7ac8c38ab31c5f59ebad4f48c313774e",
    "https://esm.sh/v98/graphql@16.6.0/deno/language/printer.js": "722da128153a4aa4fe72206df229d46e8de68f74470c4cc0b4332a675cebd206",
    "https://esm.sh/v98/graphql@16.6.0/deno/language/source.js": "186d84be04b3764344bff951d13cc94df35a6bd33a690d21a1078f59704a5063",
    "https://esm.sh/v98/graphql@16.6.0/deno/language/tokenKind.js": "fbd0c43adadcd0d2e2d4b478117b0c42c5688b832a7bc0e62d0078b8adc08843",
    "https://esm.sh/v98/graphql@16.6.0/deno/language/visitor.js": "2863a45ebe701bb7a20b6fd6145c87a646f0a645aa652f75b7460f25cc53ccc3",
    "https://esm.sh/v98/graphql@16.6.0/error/GraphQLError.d.ts": "e159a655d3f485425c0b36d3708b53fb7b8455d56d17f634f5ac0c5a5b815ecf",
    "https://esm.sh/v98/graphql@16.6.0/error/GraphQLError/index.d.ts": "854cdc32752c20a63ea380b17a93c803d6d1e06fa939fdc231732a7b35e8a906",
    "https://esm.sh/v98/graphql@16.6.0/error/index.d.ts": "1a01eb6f84f3504a0b670315329b98f5f9b61611d4ee7b361814200df392eca3",
    "https://esm.sh/v98/graphql@16.6.0/error/locatedError.d.ts": "b3ade7da9ad22c24c27df44efc111e867d99463d917604c7a77960f70193ad74",
    "https://esm.sh/v98/graphql@16.6.0/error/syntaxError.d.ts": "066436cecb56b4b8804d0f026e1571a5dfc493fd8a659022c68bfd23d7521aae",
    "https://esm.sh/v98/graphql@16.6.0/execution/execute.d.ts": "1c92b5c17a4e4649251e30adf66aa197338001f3536114454cdd69d5eacab312",
    "https://esm.sh/v98/graphql@16.6.0/execution/index.d.ts": "a55365732f05ba33ff616a42455c3ab3a298d0a6985660b7a3c110b43c14adea",
    "https://esm.sh/v98/graphql@16.6.0/execution/subscribe.d.ts": "7157bc34ca12dfe18e5d0bba4457974d3eed5f1500c3a2272ea38e5f167edf84",
    "https://esm.sh/v98/graphql@16.6.0/execution/values.d.ts": "2f20a447381ffa39718f945164b568afb88fcbc2833c6e7bb5bf6047e126a1ea",
    "https://esm.sh/v98/graphql@16.6.0/graphql.d.ts": "ff31dcf3082db50c7f17ff648a9d643ef51e11ee2f39ae42197e9a394f86397b",
    "https://esm.sh/v98/graphql@16.6.0/index.d.ts": "cb6fa55717e3b1113291bc4a29a9a25a01b90f5870b6fb65a33acadbdda54dda",
    "https://esm.sh/v98/graphql@16.6.0/jsutils/Maybe.d.ts": "0804044cd0488cb7212ddbc1d0f8e1a5bd32970335dbfc613052304a1b0318f9",
    "https://esm.sh/v98/graphql@16.6.0/jsutils/ObjMap.d.ts": "85084ae98c1d319e38ef99b1216d3372a9afd7a368022c01c3351b339d52cb58",
    "https://esm.sh/v98/graphql@16.6.0/jsutils/Path.d.ts": "04825c22d0c91a56dc4311b003d822d12e5b79738309812dc3e27a1e637a8deb",
    "https://esm.sh/v98/graphql@16.6.0/jsutils/PromiseOrValue.d.ts": "692345a43bac37c507fa7065c554258435ab821bbe4fb44b513a70063e932b45",
    "https://esm.sh/v98/graphql@16.6.0/language/ast.d.ts": "c0de0da50d66fc80f5547b0216b21fb14fa3a0268ee9f23c41e1e3b8e793ab5e",
    "https://esm.sh/v98/graphql@16.6.0/language/ast/index.d.ts": "854cdc32752c20a63ea380b17a93c803d6d1e06fa939fdc231732a7b35e8a906",
    "https://esm.sh/v98/graphql@16.6.0/language/directiveLocation.d.ts": "de21641eb8edcbc08dd0db4ee70eea907cd07fe72267340b5571c92647f10a77",
    "https://esm.sh/v98/graphql@16.6.0/language/index.d.ts": "a4d5ef68f7f3689b289cb4599eb76fe00451e92aa7bd1077e48f1414584ded9e",
    "https://esm.sh/v98/graphql@16.6.0/language/kinds.d.ts": "cddd50d7bd9d7fddda91a576db9f61655d1a55e2d870f154485812f6e39d4c15",
    "https://esm.sh/v98/graphql@16.6.0/language/lexer.d.ts": "8d327131db69a9cc4d01e3473d842b6a81e4dc4715a279a859653811294932aa",
    "https://esm.sh/v98/graphql@16.6.0/language/location.d.ts": "ffbafb3cf8c8e4b3c1b4641cfa1baae87c5b4dc31b3fed0a7a0d05dbc57e76cc",
    "https://esm.sh/v98/graphql@16.6.0/language/parser.d.ts": "4169aa26c69995385813dd3ee5c6c736d9fb690dc58c5b88dcef398dd11d38ac",
    "https://esm.sh/v98/graphql@16.6.0/language/predicates.d.ts": "5ba295c85c52a4684099e49666f3e4f79b58a3864382d05df2d9114707aeebb4",
    "https://esm.sh/v98/graphql@16.6.0/language/printLocation.d.ts": "138c4e6156194af1d8b636a9fa9b186f37e4859d34145005efeec880017306f1",
    "https://esm.sh/v98/graphql@16.6.0/language/printer.d.ts": "9b3109d918ed04878463d75d466fecf531d6116d0e67f24f40d4534108e20b0d",
    "https://esm.sh/v98/graphql@16.6.0/language/source.d.ts": "b725acb041d2a18fde8f46c48a1408418489c4aa222f559b1ef47bf267cb4be0",
    "https://esm.sh/v98/graphql@16.6.0/language/tokenKind.d.ts": "0539583b089247b73a21eb4a5f7e43208a129df6300d6b829dc1039b79b6c8c4",
    "https://esm.sh/v98/graphql@16.6.0/language/visitor.d.ts": "eb8528e4f841d4140f8cba3b14cdd5818b1762dba169e7b34bed388e86d6472f",
    "https://esm.sh/v98/graphql@16.6.0/subscription/index.d.ts": "84983e86669718e816659194b9ba6027450c27a4639c5a594469a65b2f954320",
    "https://esm.sh/v98/graphql@16.6.0/type/assertName.d.ts": "93551b302a808f226f0846ad8012354f2d53d6dedc33b540d6ca69836781a574",
    "https://esm.sh/v98/graphql@16.6.0/type/definition.d.ts": "fa119fee8bb68f72f594d140d7ac6197f01876dc97cbffa997b8d7c8130ca2af",
    "https://esm.sh/v98/graphql@16.6.0/type/directives.d.ts": "23c2cd1bfcf77e553473abcfb680f4bd07d13724fdac32fffd8456b5e91ffc92",
    "https://esm.sh/v98/graphql@16.6.0/type/index.d.ts": "d755a8b8126be4f2897ff960acbbb8e9d296477c87d0995eb183944ba35be390",
    "https://esm.sh/v98/graphql@16.6.0/type/introspection.d.ts": "07f55b346cc584b7f60257203fe50d26eb88f609f76a4e890a1a36b7e8734d6c",
    "https://esm.sh/v98/graphql@16.6.0/type/scalars.d.ts": "252d65207e62ea620ed3d029d01432b6c33089600a9243e1dc416bd98bf17cd0",
    "https://esm.sh/v98/graphql@16.6.0/type/schema.d.ts": "e20e9dc6352b6f3a2c9a8ed9c32e64c4c21169304f143a1d45d03cdcec63a9d3",
    "https://esm.sh/v98/graphql@16.6.0/type/validate.d.ts": "b8f483899f4839f1e114835758de5e873de74ef5eeb0eb58fbc26a517f641e67",
    "https://esm.sh/v98/graphql@16.6.0/utilities/TypeInfo.d.ts": "b03c27aa5f09538bea6c6560b96871de11b8d039b960ebed18cd614fbadd8142",
    "https://esm.sh/v98/graphql@16.6.0/utilities/assertValidName.d.ts": "a04cddbcc7c0fb9bffaebcead4d8a8bcdd7cf85ed6a81e1182f62f8b7943604f",
    "https://esm.sh/v98/graphql@16.6.0/utilities/astFromValue.d.ts": "15d2318d24385a537ffb7a40b96d7e7d0911fd6a9e1e583ffe3dd4e8228af179",
    "https://esm.sh/v98/graphql@16.6.0/utilities/buildASTSchema.d.ts": "ad11a2133d50f9465e9fcb6f3f3e588aeb7e3304b9f8bd70e762d6fc7a47ccf3",
    "https://esm.sh/v98/graphql@16.6.0/utilities/buildClientSchema.d.ts": "d995470b2818ec46d05ee07a7b281da57965f97f89b94674f4302cf55b97c35e",
    "https://esm.sh/v98/graphql@16.6.0/utilities/coerceInputValue.d.ts": "4335cc780470cc8d6c3f4d2605b9cbdce5b0f0a55d83e1e819298a3e3127cf2d",
    "https://esm.sh/v98/graphql@16.6.0/utilities/concatAST.d.ts": "3c0c5717e388beb392ef2dea8e05f205567359a142450649b7824bf5d24cc268",
    "https://esm.sh/v98/graphql@16.6.0/utilities/extendSchema.d.ts": "b20bfaa02b7a07613671ac97e7e039686b753bb1f3a1dd858040e48d2aa3dc0d",
    "https://esm.sh/v98/graphql@16.6.0/utilities/findBreakingChanges.d.ts": "625759a187b8bb49ae45b267cfe4247645a81622ac21ec4a11505296a69e4639",
    "https://esm.sh/v98/graphql@16.6.0/utilities/getIntrospectionQuery.d.ts": "6c221c8e1f1558589d9b10af54b33271902549d19f55903d8016aa9bb2cfd21e",
    "https://esm.sh/v98/graphql@16.6.0/utilities/getOperationAST.d.ts": "e9e5e409afe16dcc5c77dcad421f9d7b9cf5d306c40eb3fc6d16de3608d7e8dd",
    "https://esm.sh/v98/graphql@16.6.0/utilities/getOperationRootType.d.ts": "394faab9d5e96aa7ca7ae0d1aa8f6631f30b3953c6d103dc60c5e6f399d64d1a",
    "https://esm.sh/v98/graphql@16.6.0/utilities/index.d.ts": "8d17bdce4f6418e849dc36acb526b58616e09a1ca9ae0ff80b19215de5d34a3a",
    "https://esm.sh/v98/graphql@16.6.0/utilities/introspectionFromSchema.d.ts": "026e29e1fdb15c90101e6fc2d0de9c9359f00bed11f59e99dc4f24f27e1a6998",
    "https://esm.sh/v98/graphql@16.6.0/utilities/lexicographicSortSchema.d.ts": "feba0aea7626ea869b66e92c4ebdbe4eebb5ed835ea4bad1560d9cca794fb7aa",
    "https://esm.sh/v98/graphql@16.6.0/utilities/printSchema.d.ts": "b68ade7170ed28e70e60d79daf8481d5c7dc9edc32ef8c701d8eddaa3ce7966d",
    "https://esm.sh/v98/graphql@16.6.0/utilities/separateOperations.d.ts": "f35b4afc17d4f89c4c002e439e5a2158e48607a0e5ec3e0ee3ac24dff16e1e45",
    "https://esm.sh/v98/graphql@16.6.0/utilities/stripIgnoredCharacters.d.ts": "85a10f6044c31c62614926e641224fc517b9f81387480d752aa38ab7144ee65a",
    "https://esm.sh/v98/graphql@16.6.0/utilities/typeComparators.d.ts": "9e5c2253b16fbf40e6ca5e8d1c6296f2fc78b9ef39d6d26b426023b5a46ca413",
    "https://esm.sh/v98/graphql@16.6.0/utilities/typeFromAST.d.ts": "e962d436a30ccbc5d0ec78f1353a9bfdff70dd37be2d78826d170db680a01ab9",
    "https://esm.sh/v98/graphql@16.6.0/utilities/typedQueryDocumentNode.d.ts": "20822a47f9603f6cf1afcb8d03877e7e6df31e35e23512c342da483ae96cdc73",
    "https://esm.sh/v98/graphql@16.6.0/utilities/valueFromAST.d.ts": "d6f0ecc5e81dc587c12ce13b8fabe4cae34e2d48b9e110f870ef0b1da750c56e",
    "https://esm.sh/v98/graphql@16.6.0/utilities/valueFromASTUntyped.d.ts": "1dc2a364d7a9d01551943328d6eb1290fc58cb6752175dfa03b4643f9afd5749",
    "https://esm.sh/v98/graphql@16.6.0/validation/ValidationContext.d.ts": "df3d7794e19fe25a99a059c24a21add7bac20603ced76427d75954c59aa08539",
    "https://esm.sh/v98/graphql@16.6.0/validation/index.d.ts": "fb30d5013548d8523c93e0690e9d22f8bb9860a3642b321540415141a51b55b6",
    "https://esm.sh/v98/graphql@16.6.0/validation/rules/ExecutableDefinitionsRule.d.ts": "8454a6c5b1acda7b347481d7b2af01be949ad11911c4275e1eee715e71c1188f",
    "https://esm.sh/v98/graphql@16.6.0/validation/rules/FieldsOnCorrectTypeRule.d.ts": "c32bf36b240ae9755ac069eda92a3d14dc278e03fd3df427b201ac378be9caf6",
    "https://esm.sh/v98/graphql@16.6.0/validation/rules/FragmentsOnCompositeTypesRule.d.ts": "909c18363f4e5bc40a330ede0ca2ddeddd02b2f35570a34566be91de2b188bae",
    "https://esm.sh/v98/graphql@16.6.0/validation/rules/KnownArgumentNamesRule.d.ts": "69bdeaf020f698af81bee7cbb23a42b7028c252cf364803887ed6eb66897f18a",
    "https://esm.sh/v98/graphql@16.6.0/validation/rules/KnownDirectivesRule.d.ts": "2881fd9456e4140dccae964730d81fd39786fc69b95f8d318f50554acaef3a23",
    "https://esm.sh/v98/graphql@16.6.0/validation/rules/KnownFragmentNamesRule.d.ts": "63e4f51e7bf7239b37f7b4a787aea5a3c1ef907f3704b356e7979cbfae8e9815",
    "https://esm.sh/v98/graphql@16.6.0/validation/rules/KnownTypeNamesRule.d.ts": "2c0e2b1d1490ec2e959629fcb8d527068c8ddf46a741f40ceb83e7819a3954fb",
    "https://esm.sh/v98/graphql@16.6.0/validation/rules/LoneAnonymousOperationRule.d.ts": "105c4808216162b62e9b61b45d473cbaa6325387d15912fda0cd61909336eaf6",
    "https://esm.sh/v98/graphql@16.6.0/validation/rules/LoneSchemaDefinitionRule.d.ts": "120b67b53313e30df5cf33143d9e30952d107c7e24bc156c97a733832bb31627",
    "https://esm.sh/v98/graphql@16.6.0/validation/rules/NoFragmentCyclesRule.d.ts": "3beec9071b14808974fe3be17da00631ea71078cf909a17f6a255f8ba650585d",
    "https://esm.sh/v98/graphql@16.6.0/validation/rules/NoUndefinedVariablesRule.d.ts": "4d7b5f2d27c2d34426ed35823366c152313d431f5ae68189d427439906defa45",
    "https://esm.sh/v98/graphql@16.6.0/validation/rules/NoUnusedFragmentsRule.d.ts": "48a8e4453a82be99c93772c044992a94f5241d89e35cf3ecce00b036fbb69970",
    "https://esm.sh/v98/graphql@16.6.0/validation/rules/NoUnusedVariablesRule.d.ts": "3fe2527b2426e54f2b514e375c6beccd2196949c38c082f35f9634bd5c973d79",
    "https://esm.sh/v98/graphql@16.6.0/validation/rules/OverlappingFieldsCanBeMergedRule.d.ts": "767df82d75672cb6fde6fd1829e0ac01f5be22afc2bc211b42df325020aa0e1e",
    "https://esm.sh/v98/graphql@16.6.0/validation/rules/PossibleFragmentSpreadsRule.d.ts": "5a3eb51ee4c5f2e160d0042dad4ad68d7d174451234702681f1b3be89f167c6a",
    "https://esm.sh/v98/graphql@16.6.0/validation/rules/PossibleTypeExtensionsRule.d.ts": "5e04fa03b9c0f229d8719b56b3edaea30183d9469e9beb5e2eadf7b4d1e0e070",
    "https://esm.sh/v98/graphql@16.6.0/validation/rules/ProvidedRequiredArgumentsRule.d.ts": "58830083d772c62f2da1124b5395fe22d7baa6e0c52760665d10d1320ecdc1d0",
    "https://esm.sh/v98/graphql@16.6.0/validation/rules/ScalarLeafsRule.d.ts": "5310c224710108ffe0f20a1936f68f8c0bd8494d58a7472b2e64032dabb02ff0",
    "https://esm.sh/v98/graphql@16.6.0/validation/rules/SingleFieldSubscriptionsRule.d.ts": "c415e18b205b9c6b8b638e033a1840ffe2c853aad276c625ef40e0a93cb13777",
    "https://esm.sh/v98/graphql@16.6.0/validation/rules/UniqueArgumentDefinitionNamesRule.d.ts": "9cfe1d2a22ab3373008c4facb0e93249c339a022771f9e7148ae8bf746dec306",
    "https://esm.sh/v98/graphql@16.6.0/validation/rules/UniqueArgumentNamesRule.d.ts": "937d36e6fa5e556db03bfc8b7dae2b4084615a3a04fe7bf33c42a9e58cbfe9b1",
    "https://esm.sh/v98/graphql@16.6.0/validation/rules/UniqueDirectiveNamesRule.d.ts": "480f2231f3b4fdba191bc41bcbac419cc52cbbe7254565acc4765b7341178e02",
    "https://esm.sh/v98/graphql@16.6.0/validation/rules/UniqueDirectivesPerLocationRule.d.ts": "8d2ee0da940569765e14aec5643e36fbf704588e8877caa7f4e013be390953b3",
    "https://esm.sh/v98/graphql@16.6.0/validation/rules/UniqueEnumValueNamesRule.d.ts": "ea836d0d64bdcd40863cbaea81fcd27ef2ce25edec199a83566ab8b047adc1cc",
    "https://esm.sh/v98/graphql@16.6.0/validation/rules/UniqueFieldDefinitionNamesRule.d.ts": "1d7799efeba0bcda4b60c69527fb5fd883e3b08cd8a3ff699775954e71e67544",
    "https://esm.sh/v98/graphql@16.6.0/validation/rules/UniqueFragmentNamesRule.d.ts": "f34d55fefbf5d2e8aac8618c0946bda11f9a8c0e0fcd229e0fd23cf333be6b82",
    "https://esm.sh/v98/graphql@16.6.0/validation/rules/UniqueInputFieldNamesRule.d.ts": "77893d504d2dfa4b23da4b782db7be1c87ce0e5bf95b4eee94f99069f5d95149",
    "https://esm.sh/v98/graphql@16.6.0/validation/rules/UniqueOperationNamesRule.d.ts": "7b06a1fbcf59b1e813f4d3ec927577509d1af72fc0992d8b2a8d8d8b1d130f1f",
    "https://esm.sh/v98/graphql@16.6.0/validation/rules/UniqueOperationTypesRule.d.ts": "3b8697a7966e75183c04fb51d52719e8b034862a348c410c959fab67b58186d9",
    "https://esm.sh/v98/graphql@16.6.0/validation/rules/UniqueTypeNamesRule.d.ts": "6d3d34e4b3395dfa9f172765adf8bf43b9f6f5322b964ec259a3f8f08fc34377",
    "https://esm.sh/v98/graphql@16.6.0/validation/rules/UniqueVariableNamesRule.d.ts": "4949aa45d8935bb490af56a3ad22e949c025acf3e3048f92ab7d7f1b6bbe9b79",
    "https://esm.sh/v98/graphql@16.6.0/validation/rules/ValuesOfCorrectTypeRule.d.ts": "4661484bcd29ba1bdc1594d78b680c67d2c7272c543875cc00fa2b266f792944",
    "https://esm.sh/v98/graphql@16.6.0/validation/rules/VariablesAreInputTypesRule.d.ts": "6cf690ecc80ba6ee80295fa603f8784d1d350e5aff714d3395a2a6a01dd95a1d",
    "https://esm.sh/v98/graphql@16.6.0/validation/rules/VariablesInAllowedPositionRule.d.ts": "687e163caf5f10a4be9d741f9cc44b6250e4d2a7be1ce1850dc8ee4fc99c2cd3",
    "https://esm.sh/v98/graphql@16.6.0/validation/rules/custom/NoDeprecatedCustomRule.d.ts": "0976e4bdd8240761f0d9d2fc8508c5c4ca8471da20c146f6f60ea3a3564f536f",
    "https://esm.sh/v98/graphql@16.6.0/validation/rules/custom/NoSchemaIntrospectionCustomRule.d.ts": "2908b5c5454ee19dd83d8993f3189d1428b2954de59a8d672df7e6a8e22e09cb",
    "https://esm.sh/v98/graphql@16.6.0/validation/specifiedRules.d.ts": "077f1d6f6e2ab604af4a0d963e8469c6b7fae98a5b9febbba0e31e75f9b820b5",
    "https://esm.sh/v98/graphql@16.6.0/validation/validate.d.ts": "507246f5474832222d374254f1d802a620e8abca0bf83db425f4585356d5be87",
    "https://esm.sh/v98/graphql@16.6.0/version.d.ts": "78647004e18e4c16b8a2e8345fca9267573d1c5a29e11ddfee71858fd077ef6e",
    "https://esm.sh/v99/graphql@16.6.0/deno/graphql.js": "d01aa2210920f85d1bca548097d0ce0a4fc20d5e0806ac22f26b86ba5c1f8830",
    "https://esm.sh/v99/graphql@16.6.0/error/GraphQLError.d.ts": "e159a655d3f485425c0b36d3708b53fb7b8455d56d17f634f5ac0c5a5b815ecf",
    "https://esm.sh/v99/graphql@16.6.0/error/index.d.ts": "1a01eb6f84f3504a0b670315329b98f5f9b61611d4ee7b361814200df392eca3",
    "https://esm.sh/v99/graphql@16.6.0/error/locatedError.d.ts": "b3ade7da9ad22c24c27df44efc111e867d99463d917604c7a77960f70193ad74",
    "https://esm.sh/v99/graphql@16.6.0/error/syntaxError.d.ts": "066436cecb56b4b8804d0f026e1571a5dfc493fd8a659022c68bfd23d7521aae",
    "https://esm.sh/v99/graphql@16.6.0/execution/execute.d.ts": "1c92b5c17a4e4649251e30adf66aa197338001f3536114454cdd69d5eacab312",
    "https://esm.sh/v99/graphql@16.6.0/execution/index.d.ts": "a55365732f05ba33ff616a42455c3ab3a298d0a6985660b7a3c110b43c14adea",
    "https://esm.sh/v99/graphql@16.6.0/execution/subscribe.d.ts": "7157bc34ca12dfe18e5d0bba4457974d3eed5f1500c3a2272ea38e5f167edf84",
    "https://esm.sh/v99/graphql@16.6.0/execution/values.d.ts": "2f20a447381ffa39718f945164b568afb88fcbc2833c6e7bb5bf6047e126a1ea",
    "https://esm.sh/v99/graphql@16.6.0/graphql.d.ts": "ff31dcf3082db50c7f17ff648a9d643ef51e11ee2f39ae42197e9a394f86397b",
    "https://esm.sh/v99/graphql@16.6.0/index.d.ts": "cb6fa55717e3b1113291bc4a29a9a25a01b90f5870b6fb65a33acadbdda54dda",
    "https://esm.sh/v99/graphql@16.6.0/jsutils/Maybe.d.ts": "0804044cd0488cb7212ddbc1d0f8e1a5bd32970335dbfc613052304a1b0318f9",
    "https://esm.sh/v99/graphql@16.6.0/jsutils/ObjMap.d.ts": "85084ae98c1d319e38ef99b1216d3372a9afd7a368022c01c3351b339d52cb58",
    "https://esm.sh/v99/graphql@16.6.0/jsutils/Path.d.ts": "04825c22d0c91a56dc4311b003d822d12e5b79738309812dc3e27a1e637a8deb",
    "https://esm.sh/v99/graphql@16.6.0/jsutils/PromiseOrValue.d.ts": "692345a43bac37c507fa7065c554258435ab821bbe4fb44b513a70063e932b45",
    "https://esm.sh/v99/graphql@16.6.0/language/ast.d.ts": "c0de0da50d66fc80f5547b0216b21fb14fa3a0268ee9f23c41e1e3b8e793ab5e",
    "https://esm.sh/v99/graphql@16.6.0/language/directiveLocation.d.ts": "de21641eb8edcbc08dd0db4ee70eea907cd07fe72267340b5571c92647f10a77",
    "https://esm.sh/v99/graphql@16.6.0/language/index.d.ts": "a4d5ef68f7f3689b289cb4599eb76fe00451e92aa7bd1077e48f1414584ded9e",
    "https://esm.sh/v99/graphql@16.6.0/language/kinds.d.ts": "cddd50d7bd9d7fddda91a576db9f61655d1a55e2d870f154485812f6e39d4c15",
    "https://esm.sh/v99/graphql@16.6.0/language/lexer.d.ts": "8d327131db69a9cc4d01e3473d842b6a81e4dc4715a279a859653811294932aa",
    "https://esm.sh/v99/graphql@16.6.0/language/location.d.ts": "ffbafb3cf8c8e4b3c1b4641cfa1baae87c5b4dc31b3fed0a7a0d05dbc57e76cc",
    "https://esm.sh/v99/graphql@16.6.0/language/parser.d.ts": "4169aa26c69995385813dd3ee5c6c736d9fb690dc58c5b88dcef398dd11d38ac",
    "https://esm.sh/v99/graphql@16.6.0/language/predicates.d.ts": "5ba295c85c52a4684099e49666f3e4f79b58a3864382d05df2d9114707aeebb4",
    "https://esm.sh/v99/graphql@16.6.0/language/printLocation.d.ts": "138c4e6156194af1d8b636a9fa9b186f37e4859d34145005efeec880017306f1",
    "https://esm.sh/v99/graphql@16.6.0/language/printer.d.ts": "9b3109d918ed04878463d75d466fecf531d6116d0e67f24f40d4534108e20b0d",
    "https://esm.sh/v99/graphql@16.6.0/language/source.d.ts": "b725acb041d2a18fde8f46c48a1408418489c4aa222f559b1ef47bf267cb4be0",
    "https://esm.sh/v99/graphql@16.6.0/language/tokenKind.d.ts": "0539583b089247b73a21eb4a5f7e43208a129df6300d6b829dc1039b79b6c8c4",
    "https://esm.sh/v99/graphql@16.6.0/language/visitor.d.ts": "eb8528e4f841d4140f8cba3b14cdd5818b1762dba169e7b34bed388e86d6472f",
    "https://esm.sh/v99/graphql@16.6.0/subscription/index.d.ts": "84983e86669718e816659194b9ba6027450c27a4639c5a594469a65b2f954320",
    "https://esm.sh/v99/graphql@16.6.0/type/assertName.d.ts": "93551b302a808f226f0846ad8012354f2d53d6dedc33b540d6ca69836781a574",
    "https://esm.sh/v99/graphql@16.6.0/type/definition.d.ts": "fa119fee8bb68f72f594d140d7ac6197f01876dc97cbffa997b8d7c8130ca2af",
    "https://esm.sh/v99/graphql@16.6.0/type/directives.d.ts": "23c2cd1bfcf77e553473abcfb680f4bd07d13724fdac32fffd8456b5e91ffc92",
    "https://esm.sh/v99/graphql@16.6.0/type/index.d.ts": "d755a8b8126be4f2897ff960acbbb8e9d296477c87d0995eb183944ba35be390",
    "https://esm.sh/v99/graphql@16.6.0/type/introspection.d.ts": "07f55b346cc584b7f60257203fe50d26eb88f609f76a4e890a1a36b7e8734d6c",
    "https://esm.sh/v99/graphql@16.6.0/type/scalars.d.ts": "252d65207e62ea620ed3d029d01432b6c33089600a9243e1dc416bd98bf17cd0",
    "https://esm.sh/v99/graphql@16.6.0/type/schema.d.ts": "e20e9dc6352b6f3a2c9a8ed9c32e64c4c21169304f143a1d45d03cdcec63a9d3",
    "https://esm.sh/v99/graphql@16.6.0/type/validate.d.ts": "b8f483899f4839f1e114835758de5e873de74ef5eeb0eb58fbc26a517f641e67",
    "https://esm.sh/v99/graphql@16.6.0/utilities/TypeInfo.d.ts": "b03c27aa5f09538bea6c6560b96871de11b8d039b960ebed18cd614fbadd8142",
    "https://esm.sh/v99/graphql@16.6.0/utilities/assertValidName.d.ts": "a04cddbcc7c0fb9bffaebcead4d8a8bcdd7cf85ed6a81e1182f62f8b7943604f",
    "https://esm.sh/v99/graphql@16.6.0/utilities/astFromValue.d.ts": "15d2318d24385a537ffb7a40b96d7e7d0911fd6a9e1e583ffe3dd4e8228af179",
    "https://esm.sh/v99/graphql@16.6.0/utilities/buildASTSchema.d.ts": "ad11a2133d50f9465e9fcb6f3f3e588aeb7e3304b9f8bd70e762d6fc7a47ccf3",
    "https://esm.sh/v99/graphql@16.6.0/utilities/buildClientSchema.d.ts": "d995470b2818ec46d05ee07a7b281da57965f97f89b94674f4302cf55b97c35e",
    "https://esm.sh/v99/graphql@16.6.0/utilities/coerceInputValue.d.ts": "4335cc780470cc8d6c3f4d2605b9cbdce5b0f0a55d83e1e819298a3e3127cf2d",
    "https://esm.sh/v99/graphql@16.6.0/utilities/concatAST.d.ts": "3c0c5717e388beb392ef2dea8e05f205567359a142450649b7824bf5d24cc268",
    "https://esm.sh/v99/graphql@16.6.0/utilities/extendSchema.d.ts": "b20bfaa02b7a07613671ac97e7e039686b753bb1f3a1dd858040e48d2aa3dc0d",
    "https://esm.sh/v99/graphql@16.6.0/utilities/findBreakingChanges.d.ts": "625759a187b8bb49ae45b267cfe4247645a81622ac21ec4a11505296a69e4639",
    "https://esm.sh/v99/graphql@16.6.0/utilities/getIntrospectionQuery.d.ts": "6c221c8e1f1558589d9b10af54b33271902549d19f55903d8016aa9bb2cfd21e",
    "https://esm.sh/v99/graphql@16.6.0/utilities/getOperationAST.d.ts": "e9e5e409afe16dcc5c77dcad421f9d7b9cf5d306c40eb3fc6d16de3608d7e8dd",
    "https://esm.sh/v99/graphql@16.6.0/utilities/getOperationRootType.d.ts": "394faab9d5e96aa7ca7ae0d1aa8f6631f30b3953c6d103dc60c5e6f399d64d1a",
    "https://esm.sh/v99/graphql@16.6.0/utilities/index.d.ts": "8d17bdce4f6418e849dc36acb526b58616e09a1ca9ae0ff80b19215de5d34a3a",
    "https://esm.sh/v99/graphql@16.6.0/utilities/introspectionFromSchema.d.ts": "026e29e1fdb15c90101e6fc2d0de9c9359f00bed11f59e99dc4f24f27e1a6998",
    "https://esm.sh/v99/graphql@16.6.0/utilities/lexicographicSortSchema.d.ts": "feba0aea7626ea869b66e92c4ebdbe4eebb5ed835ea4bad1560d9cca794fb7aa",
    "https://esm.sh/v99/graphql@16.6.0/utilities/printSchema.d.ts": "b68ade7170ed28e70e60d79daf8481d5c7dc9edc32ef8c701d8eddaa3ce7966d",
    "https://esm.sh/v99/graphql@16.6.0/utilities/separateOperations.d.ts": "f35b4afc17d4f89c4c002e439e5a2158e48607a0e5ec3e0ee3ac24dff16e1e45",
    "https://esm.sh/v99/graphql@16.6.0/utilities/stripIgnoredCharacters.d.ts": "85a10f6044c31c62614926e641224fc517b9f81387480d752aa38ab7144ee65a",
    "https://esm.sh/v99/graphql@16.6.0/utilities/typeComparators.d.ts": "9e5c2253b16fbf40e6ca5e8d1c6296f2fc78b9ef39d6d26b426023b5a46ca413",
    "https://esm.sh/v99/graphql@16.6.0/utilities/typeFromAST.d.ts": "e962d436a30ccbc5d0ec78f1353a9bfdff70dd37be2d78826d170db680a01ab9",
    "https://esm.sh/v99/graphql@16.6.0/utilities/typedQueryDocumentNode.d.ts": "20822a47f9603f6cf1afcb8d03877e7e6df31e35e23512c342da483ae96cdc73",
    "https://esm.sh/v99/graphql@16.6.0/utilities/valueFromAST.d.ts": "d6f0ecc5e81dc587c12ce13b8fabe4cae34e2d48b9e110f870ef0b1da750c56e",
    "https://esm.sh/v99/graphql@16.6.0/utilities/valueFromASTUntyped.d.ts": "1dc2a364d7a9d01551943328d6eb1290fc58cb6752175dfa03b4643f9afd5749",
    "https://esm.sh/v99/graphql@16.6.0/validation/ValidationContext.d.ts": "df3d7794e19fe25a99a059c24a21add7bac20603ced76427d75954c59aa08539",
    "https://esm.sh/v99/graphql@16.6.0/validation/index.d.ts": "fb30d5013548d8523c93e0690e9d22f8bb9860a3642b321540415141a51b55b6",
    "https://esm.sh/v99/graphql@16.6.0/validation/rules/ExecutableDefinitionsRule.d.ts": "8454a6c5b1acda7b347481d7b2af01be949ad11911c4275e1eee715e71c1188f",
    "https://esm.sh/v99/graphql@16.6.0/validation/rules/FieldsOnCorrectTypeRule.d.ts": "c32bf36b240ae9755ac069eda92a3d14dc278e03fd3df427b201ac378be9caf6",
    "https://esm.sh/v99/graphql@16.6.0/validation/rules/FragmentsOnCompositeTypesRule.d.ts": "909c18363f4e5bc40a330ede0ca2ddeddd02b2f35570a34566be91de2b188bae",
    "https://esm.sh/v99/graphql@16.6.0/validation/rules/KnownArgumentNamesRule.d.ts": "69bdeaf020f698af81bee7cbb23a42b7028c252cf364803887ed6eb66897f18a",
    "https://esm.sh/v99/graphql@16.6.0/validation/rules/KnownDirectivesRule.d.ts": "2881fd9456e4140dccae964730d81fd39786fc69b95f8d318f50554acaef3a23",
    "https://esm.sh/v99/graphql@16.6.0/validation/rules/KnownFragmentNamesRule.d.ts": "63e4f51e7bf7239b37f7b4a787aea5a3c1ef907f3704b356e7979cbfae8e9815",
    "https://esm.sh/v99/graphql@16.6.0/validation/rules/KnownTypeNamesRule.d.ts": "2c0e2b1d1490ec2e959629fcb8d527068c8ddf46a741f40ceb83e7819a3954fb",
    "https://esm.sh/v99/graphql@16.6.0/validation/rules/LoneAnonymousOperationRule.d.ts": "105c4808216162b62e9b61b45d473cbaa6325387d15912fda0cd61909336eaf6",
    "https://esm.sh/v99/graphql@16.6.0/validation/rules/LoneSchemaDefinitionRule.d.ts": "120b67b53313e30df5cf33143d9e30952d107c7e24bc156c97a733832bb31627",
    "https://esm.sh/v99/graphql@16.6.0/validation/rules/NoFragmentCyclesRule.d.ts": "3beec9071b14808974fe3be17da00631ea71078cf909a17f6a255f8ba650585d",
    "https://esm.sh/v99/graphql@16.6.0/validation/rules/NoUndefinedVariablesRule.d.ts": "4d7b5f2d27c2d34426ed35823366c152313d431f5ae68189d427439906defa45",
    "https://esm.sh/v99/graphql@16.6.0/validation/rules/NoUnusedFragmentsRule.d.ts": "48a8e4453a82be99c93772c044992a94f5241d89e35cf3ecce00b036fbb69970",
    "https://esm.sh/v99/graphql@16.6.0/validation/rules/NoUnusedVariablesRule.d.ts": "3fe2527b2426e54f2b514e375c6beccd2196949c38c082f35f9634bd5c973d79",
    "https://esm.sh/v99/graphql@16.6.0/validation/rules/OverlappingFieldsCanBeMergedRule.d.ts": "767df82d75672cb6fde6fd1829e0ac01f5be22afc2bc211b42df325020aa0e1e",
    "https://esm.sh/v99/graphql@16.6.0/validation/rules/PossibleFragmentSpreadsRule.d.ts": "5a3eb51ee4c5f2e160d0042dad4ad68d7d174451234702681f1b3be89f167c6a",
    "https://esm.sh/v99/graphql@16.6.0/validation/rules/PossibleTypeExtensionsRule.d.ts": "5e04fa03b9c0f229d8719b56b3edaea30183d9469e9beb5e2eadf7b4d1e0e070",
    "https://esm.sh/v99/graphql@16.6.0/validation/rules/ProvidedRequiredArgumentsRule.d.ts": "58830083d772c62f2da1124b5395fe22d7baa6e0c52760665d10d1320ecdc1d0",
    "https://esm.sh/v99/graphql@16.6.0/validation/rules/ScalarLeafsRule.d.ts": "5310c224710108ffe0f20a1936f68f8c0bd8494d58a7472b2e64032dabb02ff0",
    "https://esm.sh/v99/graphql@16.6.0/validation/rules/SingleFieldSubscriptionsRule.d.ts": "c415e18b205b9c6b8b638e033a1840ffe2c853aad276c625ef40e0a93cb13777",
    "https://esm.sh/v99/graphql@16.6.0/validation/rules/UniqueArgumentDefinitionNamesRule.d.ts": "9cfe1d2a22ab3373008c4facb0e93249c339a022771f9e7148ae8bf746dec306",
    "https://esm.sh/v99/graphql@16.6.0/validation/rules/UniqueArgumentNamesRule.d.ts": "937d36e6fa5e556db03bfc8b7dae2b4084615a3a04fe7bf33c42a9e58cbfe9b1",
    "https://esm.sh/v99/graphql@16.6.0/validation/rules/UniqueDirectiveNamesRule.d.ts": "480f2231f3b4fdba191bc41bcbac419cc52cbbe7254565acc4765b7341178e02",
    "https://esm.sh/v99/graphql@16.6.0/validation/rules/UniqueDirectivesPerLocationRule.d.ts": "8d2ee0da940569765e14aec5643e36fbf704588e8877caa7f4e013be390953b3",
    "https://esm.sh/v99/graphql@16.6.0/validation/rules/UniqueEnumValueNamesRule.d.ts": "ea836d0d64bdcd40863cbaea81fcd27ef2ce25edec199a83566ab8b047adc1cc",
    "https://esm.sh/v99/graphql@16.6.0/validation/rules/UniqueFieldDefinitionNamesRule.d.ts": "1d7799efeba0bcda4b60c69527fb5fd883e3b08cd8a3ff699775954e71e67544",
    "https://esm.sh/v99/graphql@16.6.0/validation/rules/UniqueFragmentNamesRule.d.ts": "f34d55fefbf5d2e8aac8618c0946bda11f9a8c0e0fcd229e0fd23cf333be6b82",
    "https://esm.sh/v99/graphql@16.6.0/validation/rules/UniqueInputFieldNamesRule.d.ts": "77893d504d2dfa4b23da4b782db7be1c87ce0e5bf95b4eee94f99069f5d95149",
    "https://esm.sh/v99/graphql@16.6.0/validation/rules/UniqueOperationNamesRule.d.ts": "7b06a1fbcf59b1e813f4d3ec927577509d1af72fc0992d8b2a8d8d8b1d130f1f",
    "https://esm.sh/v99/graphql@16.6.0/validation/rules/UniqueOperationTypesRule.d.ts": "3b8697a7966e75183c04fb51d52719e8b034862a348c410c959fab67b58186d9",
    "https://esm.sh/v99/graphql@16.6.0/validation/rules/UniqueTypeNamesRule.d.ts": "6d3d34e4b3395dfa9f172765adf8bf43b9f6f5322b964ec259a3f8f08fc34377",
    "https://esm.sh/v99/graphql@16.6.0/validation/rules/UniqueVariableNamesRule.d.ts": "4949aa45d8935bb490af56a3ad22e949c025acf3e3048f92ab7d7f1b6bbe9b79",
    "https://esm.sh/v99/graphql@16.6.0/validation/rules/ValuesOfCorrectTypeRule.d.ts": "4661484bcd29ba1bdc1594d78b680c67d2c7272c543875cc00fa2b266f792944",
    "https://esm.sh/v99/graphql@16.6.0/validation/rules/VariablesAreInputTypesRule.d.ts": "6cf690ecc80ba6ee80295fa603f8784d1d350e5aff714d3395a2a6a01dd95a1d",
    "https://esm.sh/v99/graphql@16.6.0/validation/rules/VariablesInAllowedPositionRule.d.ts": "687e163caf5f10a4be9d741f9cc44b6250e4d2a7be1ce1850dc8ee4fc99c2cd3",
    "https://esm.sh/v99/graphql@16.6.0/validation/rules/custom/NoDeprecatedCustomRule.d.ts": "0976e4bdd8240761f0d9d2fc8508c5c4ca8471da20c146f6f60ea3a3564f536f",
    "https://esm.sh/v99/graphql@16.6.0/validation/rules/custom/NoSchemaIntrospectionCustomRule.d.ts": "2908b5c5454ee19dd83d8993f3189d1428b2954de59a8d672df7e6a8e22e09cb",
    "https://esm.sh/v99/graphql@16.6.0/validation/specifiedRules.d.ts": "077f1d6f6e2ab604af4a0d963e8469c6b7fae98a5b9febbba0e31e75f9b820b5",
    "https://esm.sh/v99/graphql@16.6.0/validation/validate.d.ts": "507246f5474832222d374254f1d802a620e8abca0bf83db425f4585356d5be87",
    "https://esm.sh/v99/graphql@16.6.0/version.d.ts": "78647004e18e4c16b8a2e8345fca9267573d1c5a29e11ddfee71858fd077ef6e"
  },
  "npm": {
    "specifiers": { "graphql-request": "graphql-request@5.0.0_graphql@16.6.0" },
    "packages": {
      "@graphql-typed-document-node/core@3.1.1_graphql@16.6.0": {
        "integrity": "sha512-NQ17ii0rK1b34VZonlmT2QMJFI70m0TRwbknO/ihlbatXyaktDhN/98vBiUU6kNBPljqGqyIrl2T4nY2RpFANg==",
        "dependencies": { "graphql": "graphql@16.6.0" }
      },
      "asynckit@0.4.0": {
        "integrity": "sha512-Oei9OH4tRh0YqU3GxhX79dM/mwVgvbZJaSNaRk+bshkj0S5cfHcgYakreBjrHwatXKbz+IoIdYLxrKim2MjW0Q==",
        "dependencies": {}
      },
      "combined-stream@1.0.8": {
        "integrity": "sha512-FQN4MRfuJeHf7cBbBMJFXhKSDq+2kAArBlmRBvcvFE5BB1HZKXtSFASDhdlz9zOYwxh8lDdnvmMOe/+5cdoEdg==",
        "dependencies": { "delayed-stream": "delayed-stream@1.0.0" }
      },
      "cross-fetch@3.1.5": {
        "integrity": "sha512-lvb1SBsI0Z7GDwmuid+mU3kWVBwTVUbe7S0H52yaaAdQOXq2YktTCZdlAcNKFzE6QtRz0snpw9bNiPeOIkkQvw==",
        "dependencies": { "node-fetch": "node-fetch@2.6.7" }
      },
      "delayed-stream@1.0.0": {
        "integrity": "sha512-ZySD7Nf91aLB0RxL4KGrKHBXl7Eds1DAmEdcoVawXnLD7SDhpNgtuII2aAkg7a7QS41jxPSZ17p4VdGnMHk3MQ==",
        "dependencies": {}
      },
      "extract-files@9.0.0": {
        "integrity": "sha512-CvdFfHkC95B4bBBk36hcEmvdR2awOdhhVUYH6S/zrVj3477zven/fJMYg7121h4T1xHZC+tetUpubpAhxwI7hQ==",
        "dependencies": {}
      },
      "form-data@3.0.1": {
        "integrity": "sha512-RHkBKtLWUVwd7SqRIvCZMEvAMoGUp0XU+seQiZejj0COz3RI3hWP4sCv3gZWWLjJTd7rGwcsF5eKZGii0r/hbg==",
        "dependencies": {
          "asynckit": "asynckit@0.4.0",
          "combined-stream": "combined-stream@1.0.8",
          "mime-types": "mime-types@2.1.35"
        }
      },
      "graphql-request@5.0.0_graphql@16.6.0": {
        "integrity": "sha512-SpVEnIo2J5k2+Zf76cUkdvIRaq5FMZvGQYnA4lUWYbc99m+fHh4CZYRRO/Ff4tCLQ613fzCm3SiDT64ubW5Gyw==",
        "dependencies": {
          "@graphql-typed-document-node/core": "@graphql-typed-document-node/core@3.1.1_graphql@16.6.0",
          "cross-fetch": "cross-fetch@3.1.5",
          "extract-files": "extract-files@9.0.0",
          "form-data": "form-data@3.0.1",
          "graphql": "graphql@16.6.0"
        }
      },
      "graphql@16.6.0": {
        "integrity": "sha512-KPIBPDlW7NxrbT/eh4qPXz5FiFdL5UbaA0XUNz2Rp3Z3hqBSkbj0GVjwFDztsWVauZUWsbKHgMg++sk8UX0bkw==",
        "dependencies": {}
      },
      "mime-db@1.52.0": {
        "integrity": "sha512-sPU4uV7dYlvtWJxwwxHD0PuihVNiE7TyAbQ5SWxDCB9mUYvOgroQOwYQQOKPJ8CIbE+1ETVlOoK1UC2nU3gYvg==",
        "dependencies": {}
      },
      "mime-types@2.1.35": {
        "integrity": "sha512-ZDY+bPm5zTTF+YpCrAU9nK0UgICYPT0QtT1NZWFv4s++TNkcgVaT0g6+4R2uI4MjQjzysHB1zxuWL50hzaeXiw==",
        "dependencies": { "mime-db": "mime-db@1.52.0" }
      },
      "node-fetch@2.6.7": {
        "integrity": "sha512-ZjMPFEfVx5j+y2yF35Kzx5sF7kDzxuDj6ziH4FFbOp87zKDZNx8yExJIb05OGF4Nlt9IHFIMBkRl41VdvcNdbQ==",
        "dependencies": { "whatwg-url": "whatwg-url@5.0.0" }
      },
      "tr46@0.0.3": {
        "integrity": "sha512-N3WMsuqV66lT30CrXNbEjx4GEwlow3v6rr4mCcv6prnfwhS01rkgyFdjPNBYd9br7LpXV1+Emh01fHnq2Gdgrw==",
        "dependencies": {}
      },
      "webidl-conversions@3.0.1": {
        "integrity": "sha512-2JAn3z8AR6rjK8Sm8orRC0h/bcl/DqL7tRPdGZ4I1CjdF+EaMLmYxBHyXuKL849eucPFhvBoxMsflfOb8kxaeQ==",
        "dependencies": {}
      },
      "whatwg-url@5.0.0": {
        "integrity": "sha512-saE57nupxk6v3HY35+jzBwYa0rKSy0XR8JSxZPwgLr7ys0IBzhGviA1/TUGJLmSVqs8pb9AnvICXEuOHLprYTw==",
        "dependencies": {
          "tr46": "tr46@0.0.3",
          "webidl-conversions": "webidl-conversions@3.0.1"
        }
      }
    }
  }
}
